
Microsoft Visual Studio Solution File, Format Version 11.00
# Visual Studio 2010
Project("{FAE04EC0-301F-11D3-BF4B-00C04F79EFBC}") = "ToolingDataSys", "ToolingDataSys\ToolingDataSys.csproj", "{B6317F97-2021-43DE-B2C4-CD88A4474A90}"
EndProject
Global
	GlobalSection(SolutionConfigurationPlatforms) = preSolution
		Debug|x86 = Debug|x86
		Release|x86 = Release|x86
	EndGlobalSection
	GlobalSection(ProjectConfigurationPlatforms) = postSolution
		{B6317F97-2021-43DE-B2C4-CD88A4474A90}.Debug|x86.ActiveCfg = Debug|x86
		{B6317F97-2021-43DE-B2C4-CD88A4474A90}.Debug|x86.Build.0 = Debug|x86
		{B6317F97-2021-43DE-B2C4-CD88A4474A90}.Release|x86.ActiveCfg = Release|x86
		{B6317F97-2021-43DE-B2C4-CD88A4474A90}.Release|x86.Build.0 = Release|x86
	EndGlobalSection
	GlobalSection(SolutionProperties) = preSolution
		HideSolutionNode = FALSE
	EndGlobalSection
EndGlobal
