
Microsoft Visual Studio Solution File, Format Version 11.00
# Visual Studio 2010
Project("{FAE04EC0-301F-11D3-BF4B-00C04F79EFBC}") = "ClassLibrary", "ClassLibrary\ClassLibrary.csproj", "{6899E202-A83A-43D6-91E4-B8F4E5EF15BC}"
EndProject
Project("{FAE04EC0-301F-11D3-BF4B-00C04F79EFBC}") = "ToolingWCF", "ToolingWCF\ToolingWCF.csproj", "{233579E6-795A-4FB8-9684-7B5607B32383}"
EndProject
Project("{FAE04EC0-301F-11D3-BF4B-00C04F79EFBC}") = "TestProject1", "TestProject1\TestProject1.csproj", "{DEC42160-95C9-447C-A169-705E2977DB16}"
EndProject
Project("{FAE04EC0-301F-11D3-BF4B-00C04F79EFBC}") = "ToolingManWPF", "ToolingManWPF\ToolingManWPF.csproj", "{D8AC4F2D-1450-4715-A5AE-897E04C1033E}"
	ProjectSection(ProjectDependencies) = postProject
		{233579E6-795A-4FB8-9684-7B5607B32383} = {233579E6-795A-4FB8-9684-7B5607B32383}
	EndProjectSection
EndProject
Project("{FAE04EC0-301F-11D3-BF4B-00C04F79EFBC}") = "ToolingManHost", "ToolingManHost\ToolingManHost.csproj", "{8724C818-9A2A-4CED-8A45-E59BD9128322}"
EndProject
Global
	GlobalSection(TestCaseManagementSettings) = postSolution
		CategoryFile = ToolingMan.vsmdi
	EndGlobalSection
	GlobalSection(SolutionConfigurationPlatforms) = preSolution
		Debug|Any CPU = Debug|Any CPU
		Debug|Mixed Platforms = Debug|Mixed Platforms
		Debug|x86 = Debug|x86
		Release|Any CPU = Release|Any CPU
		Release|Mixed Platforms = Release|Mixed Platforms
		Release|x86 = Release|x86
	EndGlobalSection
	GlobalSection(ProjectConfigurationPlatforms) = postSolution
		{6899E202-A83A-43D6-91E4-B8F4E5EF15BC}.Debug|Any CPU.ActiveCfg = Debug|Any CPU
		{6899E202-A83A-43D6-91E4-B8F4E5EF15BC}.Debug|Any CPU.Build.0 = Debug|Any CPU
		{6899E202-A83A-43D6-91E4-B8F4E5EF15BC}.Debug|Mixed Platforms.ActiveCfg = Debug|Any CPU
		{6899E202-A83A-43D6-91E4-B8F4E5EF15BC}.Debug|Mixed Platforms.Build.0 = Debug|Any CPU
		{6899E202-A83A-43D6-91E4-B8F4E5EF15BC}.Debug|x86.ActiveCfg = Debug|Any CPU
		{6899E202-A83A-43D6-91E4-B8F4E5EF15BC}.Release|Any CPU.ActiveCfg = Release|Any CPU
		{6899E202-A83A-43D6-91E4-B8F4E5EF15BC}.Release|Any CPU.Build.0 = Release|Any CPU
		{6899E202-A83A-43D6-91E4-B8F4E5EF15BC}.Release|Mixed Platforms.ActiveCfg = Release|Any CPU
		{6899E202-A83A-43D6-91E4-B8F4E5EF15BC}.Release|Mixed Platforms.Build.0 = Release|Any CPU
		{6899E202-A83A-43D6-91E4-B8F4E5EF15BC}.Release|x86.ActiveCfg = Release|Any CPU
		{233579E6-795A-4FB8-9684-7B5607B32383}.Debug|Any CPU.ActiveCfg = Debug|Any CPU
		{233579E6-795A-4FB8-9684-7B5607B32383}.Debug|Any CPU.Build.0 = Debug|Any CPU
		{233579E6-795A-4FB8-9684-7B5607B32383}.Debug|Mixed Platforms.ActiveCfg = Debug|Any CPU
		{233579E6-795A-4FB8-9684-7B5607B32383}.Debug|Mixed Platforms.Build.0 = Debug|Any CPU
		{233579E6-795A-4FB8-9684-7B5607B32383}.Debug|x86.ActiveCfg = Debug|Any CPU
		{233579E6-795A-4FB8-9684-7B5607B32383}.Release|Any CPU.ActiveCfg = Release|Any CPU
		{233579E6-795A-4FB8-9684-7B5607B32383}.Release|Any CPU.Build.0 = Release|Any CPU
		{233579E6-795A-4FB8-9684-7B5607B32383}.Release|Mixed Platforms.ActiveCfg = Release|Any CPU
		{233579E6-795A-4FB8-9684-7B5607B32383}.Release|Mixed Platforms.Build.0 = Release|Any CPU
		{233579E6-795A-4FB8-9684-7B5607B32383}.Release|x86.ActiveCfg = Release|Any CPU
		{DEC42160-95C9-447C-A169-705E2977DB16}.Debug|Any CPU.ActiveCfg = Debug|Any CPU
		{DEC42160-95C9-447C-A169-705E2977DB16}.Debug|Any CPU.Build.0 = Debug|Any CPU
		{DEC42160-95C9-447C-A169-705E2977DB16}.Debug|Mixed Platforms.ActiveCfg = Debug|Any CPU
		{DEC42160-95C9-447C-A169-705E2977DB16}.Debug|Mixed Platforms.Build.0 = Debug|Any CPU
		{DEC42160-95C9-447C-A169-705E2977DB16}.Debug|x86.ActiveCfg = Debug|Any CPU
		{DEC42160-95C9-447C-A169-705E2977DB16}.Release|Any CPU.ActiveCfg = Release|Any CPU
		{DEC42160-95C9-447C-A169-705E2977DB16}.Release|Any CPU.Build.0 = Release|Any CPU
		{DEC42160-95C9-447C-A169-705E2977DB16}.Release|Mixed Platforms.ActiveCfg = Release|Any CPU
		{DEC42160-95C9-447C-A169-705E2977DB16}.Release|Mixed Platforms.Build.0 = Release|Any CPU
		{DEC42160-95C9-447C-A169-705E2977DB16}.Release|x86.ActiveCfg = Release|Any CPU
		{D8AC4F2D-1450-4715-A5AE-897E04C1033E}.Debug|Any CPU.ActiveCfg = Debug|x86
		{D8AC4F2D-1450-4715-A5AE-897E04C1033E}.Debug|Mixed Platforms.ActiveCfg = Debug|x86
		{D8AC4F2D-1450-4715-A5AE-897E04C1033E}.Debug|Mixed Platforms.Build.0 = Debug|x86
		{D8AC4F2D-1450-4715-A5AE-897E04C1033E}.Debug|x86.ActiveCfg = Debug|x86
		{D8AC4F2D-1450-4715-A5AE-897E04C1033E}.Debug|x86.Build.0 = Debug|x86
		{D8AC4F2D-1450-4715-A5AE-897E04C1033E}.Release|Any CPU.ActiveCfg = Release|x86
		{D8AC4F2D-1450-4715-A5AE-897E04C1033E}.Release|Mixed Platforms.ActiveCfg = Release|x86
		{D8AC4F2D-1450-4715-A5AE-897E04C1033E}.Release|Mixed Platforms.Build.0 = Release|x86
		{D8AC4F2D-1450-4715-A5AE-897E04C1033E}.Release|x86.ActiveCfg = Release|x86
		{D8AC4F2D-1450-4715-A5AE-897E04C1033E}.Release|x86.Build.0 = Release|x86
		{8724C818-9A2A-4CED-8A45-E59BD9128322}.Debug|Any CPU.ActiveCfg = Debug|x86
		{8724C818-9A2A-4CED-8A45-E59BD9128322}.Debug|Mixed Platforms.ActiveCfg = Debug|x86
		{8724C818-9A2A-4CED-8A45-E59BD9128322}.Debug|Mixed Platforms.Build.0 = Debug|x86
		{8724C818-9A2A-4CED-8A45-E59BD9128322}.Debug|x86.ActiveCfg = Debug|x86
		{8724C818-9A2A-4CED-8A45-E59BD9128322}.Debug|x86.Build.0 = Debug|x86
		{8724C818-9A2A-4CED-8A45-E59BD9128322}.Release|Any CPU.ActiveCfg = Release|x86
		{8724C818-9A2A-4CED-8A45-E59BD9128322}.Release|Mixed Platforms.ActiveCfg = Release|x86
		{8724C818-9A2A-4CED-8A45-E59BD9128322}.Release|Mixed Platforms.Build.0 = Release|x86
		{8724C818-9A2A-4CED-8A45-E59BD9128322}.Release|x86.ActiveCfg = Release|x86
		{8724C818-9A2A-4CED-8A45-E59BD9128322}.Release|x86.Build.0 = Release|x86
	EndGlobalSection
	GlobalSection(SolutionProperties) = preSolution
		HideSolutionNode = FALSE
	EndGlobalSection
EndGlobal
